
Microsoft Visual Studio Solution File, Format Version 12.00
# Visual Studio Version 17
VisualStudioVersion = 17.2.32526.322
MinimumVisualStudioVersion = 10.0.40219.1
Project("{9A19103F-16F7-4668-BE54-9A1E7A4F7556}") = "RialDataBase_2.0", "RialDataBase_2.0\RialDataBase_2.0.csproj", "{FEF43627-B198-4AC9-BCB7-2645B0CAB16C}"
EndProject
Project("{2150E333-8FDC-42A3-9474-1A3956D46DE8}") = "Solution Items", "Solution Items", "{DD7639DD-27A8-467D-8B05-74A9DF596F53}"
	ProjectSection(SolutionItems) = preProject
		.editorconfig = .editorconfig
	EndProjectSection
EndProject
Global
	GlobalSection(SolutionConfigurationPlatforms) = preSolution
		Debug|Any CPU = Debug|Any CPU
		Release|Any CPU = Release|Any CPU
	EndGlobalSection
	GlobalSection(ProjectConfigurationPlatforms) = postSolution
		{FEF43627-B198-4AC9-BCB7-2645B0CAB16C}.Debug|Any CPU.ActiveCfg = Debug|Any CPU
		{FEF43627-B198-4AC9-BCB7-2645B0CAB16C}.Debug|Any CPU.Build.0 = Debug|Any CPU
		{FEF43627-B198-4AC9-BCB7-2645B0CAB16C}.Release|Any CPU.ActiveCfg = Release|Any CPU
		{FEF43627-B198-4AC9-BCB7-2645B0CAB16C}.Release|Any CPU.Build.0 = Release|Any CPU
	EndGlobalSection
	GlobalSection(SolutionProperties) = preSolution
		HideSolutionNode = FALSE
	EndGlobalSection
	GlobalSection(ExtensibilityGlobals) = postSolution
		SolutionGuid = {C89AB6F3-EB9F-4CD5-8B69-086D90D60736}
	EndGlobalSection
EndGlobal
